// !$*UTF8*$!
{
	archiveVersion = 1;
	classes = {
	};
	objectVersion = 56;
	objects = {

/* Begin PBXBuildFile section */
		5AFF3DA42A5E3C7E002BC76E /* AppDelegate.swift in Sources */ = {isa = PBXBuildFile; fileRef = 5AFF3DA32A5E3C7E002BC76E /* AppDelegate.swift */; };
		5AFF3DA62A5E3C7E002BC76E /* SceneDelegate.swift in Sources */ = {isa = PBXBuildFile; fileRef = 5AFF3DA52A5E3C7E002BC76E /* SceneDelegate.swift */; };
		5AFF3DA82A5E3C7E002BC76E /* ViewController.swift in Sources */ = {isa = PBXBuildFile; fileRef = 5AFF3DA72A5E3C7E002BC76E /* ViewController.swift */; };
		5AFF3DAB2A5E3C7E002BC76E /* Main.storyboard in Resources */ = {isa = PBXBuildFile; fileRef = 5AFF3DA92A5E3C7E002BC76E /* Main.storyboard */; };
		5AFF3DAD2A5E3C7F002BC76E /* Assets.xcassets in Resources */ = {isa = PBXBuildFile; fileRef = 5AFF3DAC2A5E3C7F002BC76E /* Assets.xcassets */; };
		5AFF3DB02A5E3C7F002BC76E /* LaunchScreen.storyboard in Resources */ = {isa = PBXBuildFile; fileRef = 5AFF3DAE2A5E3C7F002BC76E /* LaunchScreen.storyboard */; };
		5AFF3DB82A5E7DDC002BC76E /* htmlView.html in Resources */ = {isa = PBXBuildFile; fileRef = 5AFF3DB72A5E7DDC002BC76E /* htmlView.html */; };
/* End PBXBuildFile section */

/* Begin PBXFileReference section */
		5AFF3DA02A5E3C7E002BC76E /* Web.app */ = {isa = PBXFileReference; explicitFileType = wrapper.application; includeInIndex = 0; path = Web.app; sourceTree = BUILT_PRODUCTS_DIR; };
		5AFF3DA32A5E3C7E002BC76E /* AppDelegate.swift */ = {isa = PBXFileReference; lastKnownFileType = sourcecode.swift; path = AppDelegate.swift; sourceTree = "<group>"; };
		5AFF3DA52A5E3C7E002BC76E /* SceneDelegate.swift */ = {isa = PBXFileReference; lastKnownFileType = sourcecode.swift; path = SceneDelegate.swift; sourceTree = "<group>"; };
		5AFF3DA72A5E3C7E002BC76E /* ViewController.swift */ = {isa = PBXFileReference; lastKnownFileType = sourcecode.swift; path = ViewController.swift; sourceTree = "<group>"; };
		5AFF3DAA2A5E3C7E002BC76E /* Base */ = {isa = PBXFileReference; lastKnownFileType = file.storyboard; name = Base; path = Base.lproj/Main.storyboard; sourceTree = "<group>"; };
		5AFF3DAC2A5E3C7F002BC76E /* Assets.xcassets */ = {isa = PBXFileReference; lastKnownFileType = folder.assetcatalog; path = Assets.xcassets; sourceTree = "<group>"; };
		5AFF3DAF2A5E3C7F002BC76E /* Base */ = {isa = PBXFileReference; lastKnownFileType = file.storyboard; name = Base; path = Base.lproj/LaunchScreen.storyboard; sourceTree = "<group>"; };
		5AFF3DB12A5E3C7F002BC76E /* Info.plist */ = {isa = PBXFileReference; lastKnownFileType = text.plist.xml; path = Info.plist; sourceTree = "<group>"; };
		5AFF3DB72A5E7DDC002BC76E /* htmlView.html */ = {isa = PBXFileReference; lastKnownFileType = text.html; path = htmlView.html; sourceTree = "<group>"; };
/* End PBXFileReference section */

/* Begin PBXFrameworksBuildPhase section */
		5AFF3D9D2A5E3C7E002BC76E /* Frameworks */ = {
			isa = PBXFrameworksBuildPhase;
			buildActionMask = 2147483647;
			files = (
			);
			runOnlyForDeploymentPostprocessing = 0;
		};
/* End PBXFrameworksBuildPhase section */

/* Begin PBXGroup section */
		5AFF3D972A5E3C7E002BC76E = {
			isa = PBXGroup;
			children = (
				5AFF3DA22A5E3C7E002BC76E /* Web */,
				5AFF3DA12A5E3C7E002BC76E /* Products */,
			);
			sourceTree = "<group>";
		};
		5AFF3DA12A5E3C7E002BC76E /* Products */ = {
			isa = PBXGroup;
			children = (
				5AFF3DA02A5E3C7E002BC76E /* Web.app */,
			);
			name = Products;
			sourceTree = "<group>";
		};
		5AFF3DA22A5E3C7E002BC76E /* Web */ = {
			isa = PBXGroup;
			children = (
				5AFF3DA32A5E3C7E002BC76E /* AppDelegate.swift */,
				5AFF3DA52A5E3C7E002BC76E /* SceneDelegate.swift */,
				5AFF3DA72A5E3C7E002BC76E /* ViewController.swift */,
				5AFF3DA92A5E3C7E002BC76E /* Main.storyboard */,
				5AFF3DB72A5E7DDC002BC76E /* htmlView.html */,
				5AFF3DAC2A5E3C7F002BC76E /* Assets.xcassets */,
				5AFF3DAE2A5E3C7F002BC76E /* LaunchScreen.storyboard */,
				5AFF3DB12A5E3C7F002BC76E /* Info.plist */,
			);
			path = Web;
			sourceTree = "<group>";
		};
/* End PBXGroup section */

/* Begin PBXNativeTarget section */
		5AFF3D9F2A5E3C7E002BC76E /* Web */ = {
			isa = PBXNativeTarget;
			buildConfigurationList = 5AFF3DB42A5E3C7F002BC76E /* Build configuration list for PBXNativeTarget "Web" */;
			buildPhases = (
				5AFF3D9C2A5E3C7E002BC76E /* Sources */,
				5AFF3D9D2A5E3C7E002BC76E /* Frameworks */,
				5AFF3D9E2A5E3C7E002BC76E /* Resources */,
			);
			buildRules = (
			);
			dependencies = (
			);
			name = Web;
			productName = Web;
			productReference = 5AFF3DA02A5E3C7E002BC76E /* Web.app */;
			productType = "com.apple.product-type.application";
		};
/* End PBXNativeTarget section */

/* Begin PBXProject section */
		5AFF3D982A5E3C7E002BC76E /* Project object */ = {
			isa = PBXProject;
			attributes = {
				BuildIndependentTargetsInParallel = 1;
				LastSwiftUpdateCheck = 1420;
				LastUpgradeCheck = 1420;
				TargetAttributes = {
					5AFF3D9F2A5E3C7E002BC76E = {
						CreatedOnToolsVersion = 14.2;
					};
				};
			};
			buildConfigurationList = 5AFF3D9B2A5E3C7E002BC76E /* Build configuration list for PBXProject "Web" */;
			compatibilityVersion = "Xcode 14.0";
			developmentRegion = en;
			hasScannedForEncodings = 0;
			knownRegions = (
				en,
				Base,
			);
			mainGroup = 5AFF3D972A5E3C7E002BC76E;
			productRefGroup = 5AFF3DA12A5E3C7E002BC76E /* Products */;
			projectDirPath = "";
			projectRoot = "";
			targets = (
				5AFF3D9F2A5E3C7E002BC76E /* Web */,
			);
		};
/* End PBXProject section */

/* Begin PBXResourcesBuildPhase section */
		5AFF3D9E2A5E3C7E002BC76E /* Resources */ = {
			isa = PBXResourcesBuildPhase;
			buildActionMask = 2147483647;
			files = (
				5AFF3DB82A5E7DDC002BC76E /* htmlView.html in Resources */,
				5AFF3DB02A5E3C7F002BC76E /* LaunchScreen.storyboard in Resources */,
				5AFF3DAD2A5E3C7F002BC76E /* Assets.xcassets in Resources */,
				5AFF3DAB2A5E3C7E002BC76E /* Main.storyboard in Resources */,
			);
			runOnlyForDeploymentPostprocessing = 0;
		};
/* End PBXResourcesBuildPhase section */

/* Begin PBXSourcesBuildPhase section */
		5AFF3D9C2A5E3C7E002BC76E /* Sources */ = {
			isa = PBXSourcesBuildPhase;
			buildActionMask = 2147483647;
			files = (
				5AFF3DA82A5E3C7E002BC76E /* ViewController.swift in Sources */,
				5AFF3DA42A5E3C7E002BC76E /* AppDelegate.swift in Sources */,
				5AFF3DA62A5E3C7E002BC76E /* SceneDelegate.swift in Sources */,
			);
			runOnlyForDeploymentPostprocessing = 0;
		};
/* End PBXSourcesBuildPhase section */

/* Begin PBXVariantGroup section */
		5AFF3DA92A5E3C7E002BC76E /* Main.storyboard */ = {
			isa = PBXVariantGroup;
			children = (
				5AFF3DAA2A5E3C7E002BC76E /* Base */,
			);
			name = Main.storyboard;
			sourceTree = "<group>";
		};
		5AFF3DAE2A5E3C7F002BC76E /* LaunchScreen.storyboard */ = {
			isa = PBXVariantGroup;
			children = (
				5AFF3DAF2A5E3C7F002BC76E /* Base */,
			);
			name = LaunchScreen.storyboard;
			sourceTree = "<group>";
		};
/* End PBXVariantGroup section */

/* Begin XCBuildConfiguration section */
		5AFF3DB22A5E3C7F002BC76E /* Debug */ = {
			isa = XCBuildConfiguration;
			buildSettings = {
				ALWAYS_SEARCH_USER_PATHS = NO;
				CLANG_ANALYZER_NONNULL = YES;
				CLANG_ANALYZER_NUMBER_OBJECT_CONVERSION = YES_AGGRESSIVE;
				CLANG_CXX_LANGUAGE_STANDARD = "gnu++20";
				CLANG_ENABLE_MODULES = YES;
				CLANG_ENABLE_OBJC_ARC = YES;
				CLANG_ENABLE_OBJC_WEAK = YES;
				CLANG_WARN_BLOCK_CAPTURE_AUTORELEASING = YES;
				CLANG_WARN_BOOL_CONVERSION = YES;
				CLANG_WARN_COMMA = YES;
				CLANG_WARN_CONSTANT_CONVERSION = YES;
				CLANG_WARN_DEPRECATED_OBJC_IMPLEMENTATIONS = YES;
				CLANG_WARN_DIRECT_OBJC_ISA_USAGE = YES_ERROR;
				CLANG_WARN_DOCUMENTATION_COMMENTS = YES;
				CLANG_WARN_EMPTY_BODY = YES;
				CLANG_WARN_ENUM_CONVERSION = YES;
				CLANG_WARN_INFINITE_RECURSION = YES;
				CLANG_WARN_INT_CONVERSION = YES;
				CLANG_WARN_NON_LITERAL_NULL_CONVERSION = YES;
				CLANG_WARN_OBJC_IMPLICIT_RETAIN_SELF = YES;
				CLANG_WARN_OBJC_LITERAL_CONVERSION = YES;
				CLANG_WARN_OBJC_ROOT_CLASS = YES_ERROR;
				CLANG_WARN_QUOTED_INCLUDE_IN_FRAMEWORK_HEADER = YES;
				CLANG_WARN_RANGE_LOOP_ANALYSIS = YES;
				CLANG_WARN_STRICT_PROTOTYPES = YES;
				CLANG_WARN_SUSPICIOUS_MOVE = YES;
				CLANG_WARN_UNGUARDED_AVAILABILITY = YES_AGGRESSIVE;
				CLANG_WARN_UNREACHABLE_CODE = YES;
				CLANG_WARN__DUPLICATE_METHOD_MATCH = YES;
				COPY_PHASE_STRIP = NO;
				DEBUG_INFORMATION_FORMAT = dwarf;
				ENABLE_STRICT_OBJC_MSGSEND = YES;
				ENABLE_TESTABILITY = YES;
				GCC_C_LANGUAGE_STANDARD = gnu11;
				GCC_DYNAMIC_NO_PIC = NO;
				GCC_NO_COMMON_BLOCKS = YES;
				GCC_OPTIMIZATION_LEVEL = 0;
				GCC_PREPROCESSOR_DEFINITIONS = (
					"DEBUG=1",
					"$(inherited)",
				);
				GCC_WARN_64_TO_32_BIT_CONVERSION = YES;
				GCC_WARN_ABOUT_RETURN_TYPE = YES_ERROR;
				GCC_WARN_UNDECLARED_SELECTOR = YES;
				GCC_WARN_UNINITIALIZED_AUTOS = YES_AGGRESSIVE;
				GCC_WARN_UNUSED_FUNCTION = YES;
				GCC_WARN_UNUSED_VARIABLE = YES;
				IPHONEOS_DEPLOYMENT_TARGET = 16.2;
				MTL_ENABLE_DEBUG_INFO = INCLUDE_SOURCE;
				MTL_FAST_MATH = YES;
				ONLY_ACTIVE_ARCH = YES;
				SDKROOT = iphoneos;
				SWIFT_ACTIVE_COMPILATION_CONDITIONS = DEBUG;
				SWIFT_OPTIMIZATION_LEVEL = "-Onone";
			};
			name = Debug;
		};
		5AFF3DB32A5E3C7F002BC76E /* Release */ = {
			isa = XCBuildConfiguration;
			buildSettings = {
				ALWAYS_SEARCH_USER_PATHS = NO;
				CLANG_ANALYZER_NONNULL = YES;
				CLANG_ANALYZER_NUMBER_OBJECT_CONVERSION = YES_AGGRESSIVE;
				CLANG_CXX_LANGUAGE_STANDARD = "gnu++20";
				CLANG_ENABLE_MODULES = YES;
				CLANG_ENABLE_OBJC_ARC = YES;
				CLANG_ENABLE_OBJC_WEAK = YES;
				CLANG_WARN_BLOCK_CAPTURE_AUTORELEASING = YES;
				CLANG_WARN_BOOL_CONVERSION = YES;
				CLANG_WARN_COMMA = YES;
				CLANG_WARN_CONSTANT_CONVERSION = YES;
				CLANG_WARN_DEPRECATED_OBJC_IMPLEMENTATIONS = YES;
				CLANG_WARN_DIRECT_OBJC_ISA_USAGE = YES_ERROR;
				CLANG_WARN_DOCUMENTATION_COMMENTS = YES;
				CLANG_WARN_EMPTY_BODY = YES;
				CLANG_WARN_ENUM_CONVERSION = YES;
				CLANG_WARN_INFINITE_RECURSION = YES;
				CLANG_WARN_INT_CONVERSION = YES;
				CLANG_WARN_NON_LITERAL_NULL_CONVERSION = YES;
				CLANG_WARN_OBJC_IMPLICIT_RETAIN_SELF = YES;
				CLANG_WARN_OBJC_LITERAL_CONVERSION = YES;
				CLANG_WARN_OBJC_ROOT_CLASS = YES_ERROR;
				CLANG_WARN_QUOTED_INCLUDE_IN_FRAMEWORK_HEADER = YES;
				CLANG_WARN_RANGE_LOOP_ANALYSIS = YES;
				CLANG_WARN_STRICT_PROTOTYPES = YES;
				CLANG_WARN_SUSPICIOUS_MOVE = YES;
				CLANG_WARN_UNGUARDED_AVAILABILITY = YES_AGGRESSIVE;
				CLANG_WARN_UNREACHABLE_CODE = YES;
				CLANG_WARN__DUPLICATE_METHOD_MATCH = YES;
				COPY_PHASE_STRIP = NO;
				DEBUG_INFORMATION_FORMAT = "dwarf-with-dsym";
				ENABLE_NS_ASSERTIONS = NO;
				ENABLE_STRICT_OBJC_MSGSEND = YES;
				GCC_C_LANGUAGE_STANDARD = gnu11;
				GCC_NO_COMMON_BLOCKS = YES;
				GCC_WARN_64_TO_32_BIT_CONVERSION = YES;
				GCC_WARN_ABOUT_RETURN_TYPE = YES_ERROR;
				GCC_WARN_UNDECLARED_SELECTOR = YES;
				GCC_WARN_UNINITIALIZED_AUTOS = YES_AGGRESSIVE;
				GCC_WARN_UNUSED_FUNCTION = YES;
				GCC_WARN_UNUSED_VARIABLE = YES;
				IPHONEOS_DEPLOYMENT_TARGET = 16.2;
				MTL_ENABLE_DEBUG_INFO = NO;
				MTL_FAST_MATH = YES;
				SDKROOT = iphoneos;
				SWIFT_COMPILATION_MODE = wholemodule;
				SWIFT_OPTIMIZATION_LEVEL = "-O";
				VALIDATE_PRODUCT = YES;
			};
			name = Release;
		};
		5AFF3DB52A5E3C7F002BC76E /* Debug */ = {
			isa = XCBuildConfiguration;
			buildSettings = {
				ASSETCATALOG_COMPILER_APPICON_NAME = AppIcon;
				ASSETCATALOG_COMPILER_GLOBAL_ACCENT_COLOR_NAME = AccentColor;
				CODE_SIGN_STYLE = Automatic;
				CURRENT_PROJECT_VERSION = 1;
				GENERATE_INFOPLIST_FILE = YES;
				INFOPLIST_FILE = Web/Info.plist;
				INFOPLIST_KEY_UIApplicationSupportsIndirectInputEvents = YES;
				INFOPLIST_KEY_UILaunchStoryboardName = LaunchScreen;
				INFOPLIST_KEY_UIMainStoryboardFile = Main;
				INFOPLIST_KEY_UISupportedInterfaceOrientations_iPad = "UIInterfaceOrientationPortrait UIInterfaceOrientationPortraitUpsideDown UIInterfaceOrientationLandscapeLeft UIInterfaceOrientationLandscapeRight";
				INFOPLIST_KEY_UISupportedInterfaceOrientations_iPhone = "UIInterfaceOrientationPortrait UIInterfaceOrientationLandscapeLeft UIInterfaceOrientationLandscapeRight";
				LD_RUNPATH_SEARCH_PATHS = (
					"$(inherited)",
					"@executable_path/Frameworks",
				);
				MARKETING_VERSION = 1.0;
				PRODUCT_BUNDLE_IDENTIFIER = com.minho.Web;
				PRODUCT_NAME = "$(TARGET_NAME)";
				SWIFT_EMIT_LOC_STRINGS = YES;
				SWIFT_VERSION = 5.0;
				TARGETED_DEVICE_FAMILY = "1,2";
			};
			name = Debug;
		};
		5AFF3DB62A5E3C7F002BC76E /* Release */ = {
			isa = XCBuildConfiguration;
			buildSettings = {
				ASSETCATALOG_COMPILER_APPICON_NAME = AppIcon;
				ASSETCATALOG_COMPILER_GLOBAL_ACCENT_COLOR_NAME = AccentColor;
				CODE_SIGN_STYLE = Automatic;
				CURRENT_PROJECT_VERSION = 1;
				GENERATE_INFOPLIST_FILE = YES;
				INFOPLIST_FILE = Web/Info.plist;
				INFOPLIST_KEY_UIApplicationSupportsIndirectInputEvents = YES;
				INFOPLIST_KEY_UILaunchStoryboardName = LaunchScreen;
				INFOPLIST_KEY_UIMainStoryboardFile = Main;
				INFOPLIST_KEY_UISupportedInterfaceOrientations_iPad = "UIInterfaceOrientationPortrait UIInterfaceOrientationPortraitUpsideDown UIInterfaceOrientationLandscapeLeft UIInterfaceOrientationLandscapeRight";
				INFOPLIST_KEY_UISupportedInterfaceOrientations_iPhone = "UIInterfaceOrientationPortrait UIInterfaceOrientationLandscapeLeft UIInterfaceOrientationLandscapeRight";
				LD_RUNPATH_SEARCH_PATHS = (
					"$(inherited)",
					"@executable_path/Frameworks",
				);
				MARKETING_VERSION = 1.0;
				PRODUCT_BUNDLE_IDENTIFIER = com.minho.Web;
				PRODUCT_NAME = "$(TARGET_NAME)";
				SWIFT_EMIT_LOC_STRINGS = YES;
				SWIFT_VERSION = 5.0;
				TARGETED_DEVICE_FAMILY = "1,2";
			};
			name = Release;
		};
/* End XCBuildConfiguration section */

/* Begin XCConfigurationList section */
		5AFF3D9B2A5E3C7E002BC76E /* Build configuration list for PBXProject "Web" */ = {
			isa = XCConfigurationList;
			buildConfigurations = (
				5AFF3DB22A5E3C7F002BC76E /* Debug */,
				5AFF3DB32A5E3C7F002BC76E /* Release */,
			);
			defaultConfigurationIsVisible = 0;
			defaultConfigurationName = Release;
		};
		5AFF3DB42A5E3C7F002BC76E /* Build configuration list for PBXNativeTarget "Web" */ = {
			isa = XCConfigurationList;
			buildConfigurations = (
				5AFF3DB52A5E3C7F002BC76E /* Debug */,
				5AFF3DB62A5E3C7F002BC76E /* Release */,
			);
			defaultConfigurationIsVisible = 0;
			defaultConfigurationName = Release;
		};
/* End XCConfigurationList section */
	};
	rootObject = 5AFF3D982A5E3C7E002BC76E /* Project object */;
}
